
Microsoft Visual Studio Solution File, Format Version 12.00
# Visual Studio Version 17
VisualStudioVersion = 17.0.31919.166
MinimumVisualStudioVersion = 10.0.40219.1
Project("{9A19103F-16F7-4668-BE54-9A1E7A4F7556}") = "Dit.Umb9.Mutobo.Web", "Dit.Umb9.Mutobo.Web\Dit.Umb9.Mutobo.Web.csproj", "{0F40F38C-74E6-471A-A454-BCB7ECB02745}"
EndProject
Project("{9A19103F-16F7-4668-BE54-9A1E7A4F7556}") = "Dit.Umb9.Mutobo.ToolBox", "Dit.Umb9.Mutobo.ToolBox\Dit.Umb9.Mutobo.ToolBox.csproj", "{EFA1915D-7E42-4CAA-A97F-EED06FF234A9}"
EndProject
Global
	GlobalSection(SolutionConfigurationPlatforms) = preSolution
		Debug|Any CPU = Debug|Any CPU
		Release|Any CPU = Release|Any CPU
	EndGlobalSection
	GlobalSection(ProjectConfigurationPlatforms) = postSolution
		{0F40F38C-74E6-471A-A454-BCB7ECB02745}.Debug|Any CPU.ActiveCfg = Debug|Any CPU
		{0F40F38C-74E6-471A-A454-BCB7ECB02745}.Debug|Any CPU.Build.0 = Debug|Any CPU
		{0F40F38C-74E6-471A-A454-BCB7ECB02745}.Release|Any CPU.ActiveCfg = Release|Any CPU
		{0F40F38C-74E6-471A-A454-BCB7ECB02745}.Release|Any CPU.Build.0 = Release|Any CPU
		{EFA1915D-7E42-4CAA-A97F-EED06FF234A9}.Debug|Any CPU.ActiveCfg = Debug|Any CPU
		{EFA1915D-7E42-4CAA-A97F-EED06FF234A9}.Debug|Any CPU.Build.0 = Debug|Any CPU
		{EFA1915D-7E42-4CAA-A97F-EED06FF234A9}.Release|Any CPU.ActiveCfg = Release|Any CPU
		{EFA1915D-7E42-4CAA-A97F-EED06FF234A9}.Release|Any CPU.Build.0 = Release|Any CPU
	EndGlobalSection
	GlobalSection(SolutionProperties) = preSolution
		HideSolutionNode = FALSE
	EndGlobalSection
	GlobalSection(ExtensibilityGlobals) = postSolution
		SolutionGuid = {83475EC7-D879-474B-95F3-A89E4A49F184}
	EndGlobalSection
EndGlobal
